{
  "name": "vue-qrcode-component",
  "version": "2.1.0",
  "lockfileVersion": 1,
  "requires": true,
  "dependencies": {
    "@keeex/qrcodejs-kx": {
      "version": "1.0.2",
      "resolved": "https://registry.npmjs.org/@keeex/qrcodejs-kx/-/qrcodejs-kx-1.0.2.tgz",
      "integrity": "sha512-YsCxWGO4P/ietkyTGV2YMAbwyYdFHJEfP48AcHQVAgJe6ybON/y8DAcHHdE9yItSKRQeQJ4tad9+wCPfZNH4mw=="
    },
    "vue": {
      "version": "2.5.21",
      "resolved": "https://registry.npmjs.org/vue/-/vue-2.5.21.tgz",
      "integrity": "sha512-Aejvyyfhn0zjVeLvXd70h4hrE4zZDx1wfZqia6ekkobLmUZ+vNFQer53B4fu0EjWBSiqApxPejzkO1Znt3joxQ=="
    }
  }
}
